
Microsoft Visual Studio Solution File, Format Version 12.00
# Visual Studio Version 17
VisualStudioVersion = 17.6.33723.286
MinimumVisualStudioVersion = 10.0.40219.1
Project("{9A19103F-16F7-4668-BE54-9A1E7A4F7556}") = "Hotel", "Hotel.csproj", "{6E56B52C-3B67-429D-908D-25E24E81BF91}"
EndProject
Global
	GlobalSection(SolutionConfigurationPlatforms) = preSolution
		Debug|Any CPU = Debug|Any CPU
		Release|Any CPU = Release|Any CPU
	EndGlobalSection
	GlobalSection(ProjectConfigurationPlatforms) = postSolution
		{6E56B52C-3B67-429D-908D-25E24E81BF91}.Debug|Any CPU.ActiveCfg = Debug|Any CPU
		{6E56B52C-3B67-429D-908D-25E24E81BF91}.Debug|Any CPU.Build.0 = Debug|Any CPU
		{6E56B52C-3B67-429D-908D-25E24E81BF91}.Release|Any CPU.ActiveCfg = Release|Any CPU
		{6E56B52C-3B67-429D-908D-25E24E81BF91}.Release|Any CPU.Build.0 = Release|Any CPU
	EndGlobalSection
	GlobalSection(SolutionProperties) = preSolution
		HideSolutionNode = FALSE
	EndGlobalSection
	GlobalSection(ExtensibilityGlobals) = postSolution
		SolutionGuid = {6FFE8502-AF66-4A6E-B6CE-F3AE5781655C}
	EndGlobalSection
EndGlobal
